// !$*UTF8*$!
{
	archiveVersion = 1;
	classes = {
	};
	objectVersion = 55;
	objects = {

/* Begin PBXBuildFile section */
		E01F103B27D47C5400EA62C0 /* AppDelegate.swift in Sources */ = {isa = PBXBuildFile; fileRef = E01F103A27D47C5400EA62C0 /* AppDelegate.swift */; };
		E01F103D27D47C5400EA62C0 /* SceneDelegate.swift in Sources */ = {isa = PBXBuildFile; fileRef = E01F103C27D47C5400EA62C0 /* SceneDelegate.swift */; };
		E01F103F27D47C5400EA62C0 /* ViewController.swift in Sources */ = {isa = PBXBuildFile; fileRef = E01F103E27D47C5400EA62C0 /* ViewController.swift */; };
		E01F104227D47C5400EA62C0 /* Main.storyboard in Resources */ = {isa = PBXBuildFile; fileRef = E01F104027D47C5400EA62C0 /* Main.storyboard */; };
		E01F104427D47C5500EA62C0 /* Assets.xcassets in Resources */ = {isa = PBXBuildFile; fileRef = E01F104327D47C5500EA62C0 /* Assets.xcassets */; };
		E01F104727D47C5500EA62C0 /* LaunchScreen.storyboard in Resources */ = {isa = PBXBuildFile; fileRef = E01F104527D47C5500EA62C0 /* LaunchScreen.storyboard */; };
		E056DC0F27D4F4AC00C5C5F2 /* Order.swift in Sources */ = {isa = PBXBuildFile; fileRef = E056DC0E27D4F4AC00C5C5F2 /* Order.swift */; };
		E056DC1127D4FC0000C5C5F2 /* OrderCoffee.swift in Sources */ = {isa = PBXBuildFile; fileRef = E056DC1027D4FC0000C5C5F2 /* OrderCoffee.swift */; };
		E0E4751F27D4AACF006336B6 /* Coffee.swift in Sources */ = {isa = PBXBuildFile; fileRef = E0E4751E27D4AACF006336B6 /* Coffee.swift */; };
		E0E4752127D4AB19006336B6 /* Cashier.swift in Sources */ = {isa = PBXBuildFile; fileRef = E0E4752027D4AB19006336B6 /* Cashier.swift */; };
		E0E4752527D4AB59006336B6 /* Cafe.swift in Sources */ = {isa = PBXBuildFile; fileRef = E0E4752427D4AB59006336B6 /* Cafe.swift */; };
		E0E4752F27D4B031006336B6 /* CafeTests.swift in Sources */ = {isa = PBXBuildFile; fileRef = E0E4752E27D4B031006336B6 /* CafeTests.swift */; };
		E0E4753827D4E6AE006336B6 /* Barista.swift in Sources */ = {isa = PBXBuildFile; fileRef = E0E4753727D4E6AE006336B6 /* Barista.swift */; };
		E0E4753B27D4EAB3006336B6 /* Cafe.swift in Sources */ = {isa = PBXBuildFile; fileRef = E0E4752427D4AB59006336B6 /* Cafe.swift */; };
		E0E4753C27D4EAB3006336B6 /* Cashier.swift in Sources */ = {isa = PBXBuildFile; fileRef = E0E4752027D4AB19006336B6 /* Cashier.swift */; };
		E0E4753D27D4EAB3006336B6 /* Coffee.swift in Sources */ = {isa = PBXBuildFile; fileRef = E0E4751E27D4AACF006336B6 /* Coffee.swift */; };
		E0E4753E27D4EAB3006336B6 /* Barista.swift in Sources */ = {isa = PBXBuildFile; fileRef = E0E4753727D4E6AE006336B6 /* Barista.swift */; };
/* End PBXBuildFile section */

/* Begin PBXContainerItemProxy section */
		E0E4753027D4B031006336B6 /* PBXContainerItemProxy */ = {
			isa = PBXContainerItemProxy;
			containerPortal = E01F102F27D47C5400EA62C0 /* Project object */;
			proxyType = 1;
			remoteGlobalIDString = E01F103627D47C5400EA62C0;
			remoteInfo = Cafe;
		};
/* End PBXContainerItemProxy section */

/* Begin PBXFileReference section */
		E01F103727D47C5400EA62C0 /* Cafe.app */ = {isa = PBXFileReference; explicitFileType = wrapper.application; includeInIndex = 0; path = Cafe.app; sourceTree = BUILT_PRODUCTS_DIR; };
		E01F103A27D47C5400EA62C0 /* AppDelegate.swift */ = {isa = PBXFileReference; lastKnownFileType = sourcecode.swift; path = AppDelegate.swift; sourceTree = "<group>"; };
		E01F103C27D47C5400EA62C0 /* SceneDelegate.swift */ = {isa = PBXFileReference; lastKnownFileType = sourcecode.swift; path = SceneDelegate.swift; sourceTree = "<group>"; };
		E01F103E27D47C5400EA62C0 /* ViewController.swift */ = {isa = PBXFileReference; lastKnownFileType = sourcecode.swift; path = ViewController.swift; sourceTree = "<group>"; };
		E01F104127D47C5400EA62C0 /* Base */ = {isa = PBXFileReference; lastKnownFileType = file.storyboard; name = Base; path = Base.lproj/Main.storyboard; sourceTree = "<group>"; };
		E01F104327D47C5500EA62C0 /* Assets.xcassets */ = {isa = PBXFileReference; lastKnownFileType = folder.assetcatalog; path = Assets.xcassets; sourceTree = "<group>"; };
		E01F104627D47C5500EA62C0 /* Base */ = {isa = PBXFileReference; lastKnownFileType = file.storyboard; name = Base; path = Base.lproj/LaunchScreen.storyboard; sourceTree = "<group>"; };
		E01F104827D47C5500EA62C0 /* Info.plist */ = {isa = PBXFileReference; lastKnownFileType = text.plist.xml; path = Info.plist; sourceTree = "<group>"; };
		E056DC0E27D4F4AC00C5C5F2 /* Order.swift */ = {isa = PBXFileReference; lastKnownFileType = sourcecode.swift; path = Order.swift; sourceTree = "<group>"; };
		E056DC1027D4FC0000C5C5F2 /* OrderCoffee.swift */ = {isa = PBXFileReference; lastKnownFileType = sourcecode.swift; path = OrderCoffee.swift; sourceTree = "<group>"; };
		E0E4751E27D4AACF006336B6 /* Coffee.swift */ = {isa = PBXFileReference; lastKnownFileType = sourcecode.swift; path = Coffee.swift; sourceTree = "<group>"; };
		E0E4752027D4AB19006336B6 /* Cashier.swift */ = {isa = PBXFileReference; lastKnownFileType = sourcecode.swift; path = Cashier.swift; sourceTree = "<group>"; };
		E0E4752427D4AB59006336B6 /* Cafe.swift */ = {isa = PBXFileReference; lastKnownFileType = sourcecode.swift; path = Cafe.swift; sourceTree = "<group>"; };
		E0E4752C27D4B031006336B6 /* CafeTests.xctest */ = {isa = PBXFileReference; explicitFileType = wrapper.cfbundle; includeInIndex = 0; path = CafeTests.xctest; sourceTree = BUILT_PRODUCTS_DIR; };
		E0E4752E27D4B031006336B6 /* CafeTests.swift */ = {isa = PBXFileReference; lastKnownFileType = sourcecode.swift; path = CafeTests.swift; sourceTree = "<group>"; };
		E0E4753727D4E6AE006336B6 /* Barista.swift */ = {isa = PBXFileReference; lastKnownFileType = sourcecode.swift; path = Barista.swift; sourceTree = "<group>"; };
/* End PBXFileReference section */

/* Begin PBXFrameworksBuildPhase section */
		E01F103427D47C5400EA62C0 /* Frameworks */ = {
			isa = PBXFrameworksBuildPhase;
			buildActionMask = 2147483647;
			files = (
			);
			runOnlyForDeploymentPostprocessing = 0;
		};
		E0E4752927D4B031006336B6 /* Frameworks */ = {
			isa = PBXFrameworksBuildPhase;
			buildActionMask = 2147483647;
			files = (
			);
			runOnlyForDeploymentPostprocessing = 0;
		};
/* End PBXFrameworksBuildPhase section */

/* Begin PBXGroup section */
		E01F102E27D47C5400EA62C0 = {
			isa = PBXGroup;
			children = (
				E01F103927D47C5400EA62C0 /* Cafe */,
				E0E4752D27D4B031006336B6 /* CafeTests */,
				E01F103827D47C5400EA62C0 /* Products */,
			);
			sourceTree = "<group>";
		};
		E01F103827D47C5400EA62C0 /* Products */ = {
			isa = PBXGroup;
			children = (
				E01F103727D47C5400EA62C0 /* Cafe.app */,
				E0E4752C27D4B031006336B6 /* CafeTests.xctest */,
			);
			name = Products;
			sourceTree = "<group>";
		};
		E01F103927D47C5400EA62C0 /* Cafe */ = {
			isa = PBXGroup;
			children = (
				E0E4752327D4AB37006336B6 /* Present */,
				E0E4751D27D4AAC3006336B6 /* Model */,
				E01F103A27D47C5400EA62C0 /* AppDelegate.swift */,
				E01F103C27D47C5400EA62C0 /* SceneDelegate.swift */,
				E01F104027D47C5400EA62C0 /* Main.storyboard */,
				E01F104327D47C5500EA62C0 /* Assets.xcassets */,
				E01F104527D47C5500EA62C0 /* LaunchScreen.storyboard */,
				E01F104827D47C5500EA62C0 /* Info.plist */,
			);
			path = Cafe;
			sourceTree = "<group>";
		};
		E0E4751D27D4AAC3006336B6 /* Model */ = {
			isa = PBXGroup;
			children = (
				E0E4752427D4AB59006336B6 /* Cafe.swift */,
				E0E4752027D4AB19006336B6 /* Cashier.swift */,
				E0E4753727D4E6AE006336B6 /* Barista.swift */,
				E056DC0E27D4F4AC00C5C5F2 /* Order.swift */,
				E056DC1027D4FC0000C5C5F2 /* OrderCoffee.swift */,
				E0E4751E27D4AACF006336B6 /* Coffee.swift */,
			);
			path = Model;
			sourceTree = "<group>";
		};
		E0E4752327D4AB37006336B6 /* Present */ = {
			isa = PBXGroup;
			children = (
				E01F103E27D47C5400EA62C0 /* ViewController.swift */,
			);
			path = Present;
			sourceTree = "<group>";
		};
		E0E4752D27D4B031006336B6 /* CafeTests */ = {
			isa = PBXGroup;
			children = (
				E0E4752E27D4B031006336B6 /* CafeTests.swift */,
			);
			path = CafeTests;
			sourceTree = "<group>";
		};
/* End PBXGroup section */

/* Begin PBXNativeTarget section */
		E01F103627D47C5400EA62C0 /* Cafe */ = {
			isa = PBXNativeTarget;
			buildConfigurationList = E01F104B27D47C5500EA62C0 /* Build configuration list for PBXNativeTarget "Cafe" */;
			buildPhases = (
				E01F103327D47C5400EA62C0 /* Sources */,
				E01F103427D47C5400EA62C0 /* Frameworks */,
				E01F103527D47C5400EA62C0 /* Resources */,
			);
			buildRules = (
			);
			dependencies = (
			);
			name = Cafe;
			productName = Cafe;
			productReference = E01F103727D47C5400EA62C0 /* Cafe.app */;
			productType = "com.apple.product-type.application";
		};
		E0E4752B27D4B031006336B6 /* CafeTests */ = {
			isa = PBXNativeTarget;
			buildConfigurationList = E0E4753227D4B031006336B6 /* Build configuration list for PBXNativeTarget "CafeTests" */;
			buildPhases = (
				E0E4752827D4B031006336B6 /* Sources */,
				E0E4752927D4B031006336B6 /* Frameworks */,
				E0E4752A27D4B031006336B6 /* Resources */,
			);
			buildRules = (
			);
			dependencies = (
				E0E4753127D4B031006336B6 /* PBXTargetDependency */,
			);
			name = CafeTests;
			productName = CafeTests;
			productReference = E0E4752C27D4B031006336B6 /* CafeTests.xctest */;
			productType = "com.apple.product-type.bundle.unit-test";
		};
/* End PBXNativeTarget section */

/* Begin PBXProject section */
		E01F102F27D47C5400EA62C0 /* Project object */ = {
			isa = PBXProject;
			attributes = {
				BuildIndependentTargetsInParallel = 1;
				LastSwiftUpdateCheck = 1320;
				LastUpgradeCheck = 1320;
				TargetAttributes = {
					E01F103627D47C5400EA62C0 = {
						CreatedOnToolsVersion = 13.2.1;
					};
					E0E4752B27D4B031006336B6 = {
						CreatedOnToolsVersion = 13.2.1;
						TestTargetID = E01F103627D47C5400EA62C0;
					};
				};
			};
			buildConfigurationList = E01F103227D47C5400EA62C0 /* Build configuration list for PBXProject "Cafe" */;
			compatibilityVersion = "Xcode 13.0";
			developmentRegion = en;
			hasScannedForEncodings = 0;
			knownRegions = (
				en,
				Base,
			);
			mainGroup = E01F102E27D47C5400EA62C0;
			productRefGroup = E01F103827D47C5400EA62C0 /* Products */;
			projectDirPath = "";
			projectRoot = "";
			targets = (
				E01F103627D47C5400EA62C0 /* Cafe */,
				E0E4752B27D4B031006336B6 /* CafeTests */,
			);
		};
/* End PBXProject section */

/* Begin PBXResourcesBuildPhase section */
		E01F103527D47C5400EA62C0 /* Resources */ = {
			isa = PBXResourcesBuildPhase;
			buildActionMask = 2147483647;
			files = (
				E01F104727D47C5500EA62C0 /* LaunchScreen.storyboard in Resources */,
				E01F104427D47C5500EA62C0 /* Assets.xcassets in Resources */,
				E01F104227D47C5400EA62C0 /* Main.storyboard in Resources */,
			);
			runOnlyForDeploymentPostprocessing = 0;
		};
		E0E4752A27D4B031006336B6 /* Resources */ = {
			isa = PBXResourcesBuildPhase;
			buildActionMask = 2147483647;
			files = (
			);
			runOnlyForDeploymentPostprocessing = 0;
		};
/* End PBXResourcesBuildPhase section */

/* Begin PBXSourcesBuildPhase section */
		E01F103327D47C5400EA62C0 /* Sources */ = {
			isa = PBXSourcesBuildPhase;
			buildActionMask = 2147483647;
			files = (
				E056DC1127D4FC0000C5C5F2 /* OrderCoffee.swift in Sources */,
				E01F103F27D47C5400EA62C0 /* ViewController.swift in Sources */,
				E01F103B27D47C5400EA62C0 /* AppDelegate.swift in Sources */,
				E056DC0F27D4F4AC00C5C5F2 /* Order.swift in Sources */,
				E0E4752527D4AB59006336B6 /* Cafe.swift in Sources */,
				E01F103D27D47C5400EA62C0 /* SceneDelegate.swift in Sources */,
				E0E4753827D4E6AE006336B6 /* Barista.swift in Sources */,
				E0E4752127D4AB19006336B6 /* Cashier.swift in Sources */,
				E0E4751F27D4AACF006336B6 /* Coffee.swift in Sources */,
			);
			runOnlyForDeploymentPostprocessing = 0;
		};
		E0E4752827D4B031006336B6 /* Sources */ = {
			isa = PBXSourcesBuildPhase;
			buildActionMask = 2147483647;
			files = (
				E0E4753C27D4EAB3006336B6 /* Cashier.swift in Sources */,
				E0E4753E27D4EAB3006336B6 /* Barista.swift in Sources */,
				E0E4753B27D4EAB3006336B6 /* Cafe.swift in Sources */,
				E0E4752F27D4B031006336B6 /* CafeTests.swift in Sources */,
				E0E4753D27D4EAB3006336B6 /* Coffee.swift in Sources */,
			);
			runOnlyForDeploymentPostprocessing = 0;
		};
/* End PBXSourcesBuildPhase section */

/* Begin PBXTargetDependency section */
		E0E4753127D4B031006336B6 /* PBXTargetDependency */ = {
			isa = PBXTargetDependency;
			target = E01F103627D47C5400EA62C0 /* Cafe */;
			targetProxy = E0E4753027D4B031006336B6 /* PBXContainerItemProxy */;
		};
/* End PBXTargetDependency section */

/* Begin PBXVariantGroup section */
		E01F104027D47C5400EA62C0 /* Main.storyboard */ = {
			isa = PBXVariantGroup;
			children = (
				E01F104127D47C5400EA62C0 /* Base */,
			);
			name = Main.storyboard;
			sourceTree = "<group>";
		};
		E01F104527D47C5500EA62C0 /* LaunchScreen.storyboard */ = {
			isa = PBXVariantGroup;
			children = (
				E01F104627D47C5500EA62C0 /* Base */,
			);
			name = LaunchScreen.storyboard;
			sourceTree = "<group>";
		};
/* End PBXVariantGroup section */

/* Begin XCBuildConfiguration section */
		E01F104927D47C5500EA62C0 /* Debug */ = {
			isa = XCBuildConfiguration;
			buildSettings = {
				ALWAYS_SEARCH_USER_PATHS = NO;
				CLANG_ANALYZER_NONNULL = YES;
				CLANG_ANALYZER_NUMBER_OBJECT_CONVERSION = YES_AGGRESSIVE;
				CLANG_CXX_LANGUAGE_STANDARD = "gnu++17";
				CLANG_CXX_LIBRARY = "libc++";
				CLANG_ENABLE_MODULES = YES;
				CLANG_ENABLE_OBJC_ARC = YES;
				CLANG_ENABLE_OBJC_WEAK = YES;
				CLANG_WARN_BLOCK_CAPTURE_AUTORELEASING = YES;
				CLANG_WARN_BOOL_CONVERSION = YES;
				CLANG_WARN_COMMA = YES;
				CLANG_WARN_CONSTANT_CONVERSION = YES;
				CLANG_WARN_DEPRECATED_OBJC_IMPLEMENTATIONS = YES;
				CLANG_WARN_DIRECT_OBJC_ISA_USAGE = YES_ERROR;
				CLANG_WARN_DOCUMENTATION_COMMENTS = YES;
				CLANG_WARN_EMPTY_BODY = YES;
				CLANG_WARN_ENUM_CONVERSION = YES;
				CLANG_WARN_INFINITE_RECURSION = YES;
				CLANG_WARN_INT_CONVERSION = YES;
				CLANG_WARN_NON_LITERAL_NULL_CONVERSION = YES;
				CLANG_WARN_OBJC_IMPLICIT_RETAIN_SELF = YES;
				CLANG_WARN_OBJC_LITERAL_CONVERSION = YES;
				CLANG_WARN_OBJC_ROOT_CLASS = YES_ERROR;
				CLANG_WARN_QUOTED_INCLUDE_IN_FRAMEWORK_HEADER = YES;
				CLANG_WARN_RANGE_LOOP_ANALYSIS = YES;
				CLANG_WARN_STRICT_PROTOTYPES = YES;
				CLANG_WARN_SUSPICIOUS_MOVE = YES;
				CLANG_WARN_UNGUARDED_AVAILABILITY = YES_AGGRESSIVE;
				CLANG_WARN_UNREACHABLE_CODE = YES;
				CLANG_WARN__DUPLICATE_METHOD_MATCH = YES;
				COPY_PHASE_STRIP = NO;
				DEBUG_INFORMATION_FORMAT = dwarf;
				ENABLE_STRICT_OBJC_MSGSEND = YES;
				ENABLE_TESTABILITY = YES;
				GCC_C_LANGUAGE_STANDARD = gnu11;
				GCC_DYNAMIC_NO_PIC = NO;
				GCC_NO_COMMON_BLOCKS = YES;
				GCC_OPTIMIZATION_LEVEL = 0;
				GCC_PREPROCESSOR_DEFINITIONS = (
					"DEBUG=1",
					"$(inherited)",
				);
				GCC_WARN_64_TO_32_BIT_CONVERSION = YES;
				GCC_WARN_ABOUT_RETURN_TYPE = YES_ERROR;
				GCC_WARN_UNDECLARED_SELECTOR = YES;
				GCC_WARN_UNINITIALIZED_AUTOS = YES_AGGRESSIVE;
				GCC_WARN_UNUSED_FUNCTION = YES;
				GCC_WARN_UNUSED_VARIABLE = YES;
				IPHONEOS_DEPLOYMENT_TARGET = 13.0;
				MTL_ENABLE_DEBUG_INFO = INCLUDE_SOURCE;
				MTL_FAST_MATH = YES;
				ONLY_ACTIVE_ARCH = YES;
				SDKROOT = iphoneos;
				SWIFT_ACTIVE_COMPILATION_CONDITIONS = DEBUG;
				SWIFT_OPTIMIZATION_LEVEL = "-Onone";
			};
			name = Debug;
		};
		E01F104A27D47C5500EA62C0 /* Release */ = {
			isa = XCBuildConfiguration;
			buildSettings = {
				ALWAYS_SEARCH_USER_PATHS = NO;
				CLANG_ANALYZER_NONNULL = YES;
				CLANG_ANALYZER_NUMBER_OBJECT_CONVERSION = YES_AGGRESSIVE;
				CLANG_CXX_LANGUAGE_STANDARD = "gnu++17";
				CLANG_CXX_LIBRARY = "libc++";
				CLANG_ENABLE_MODULES = YES;
				CLANG_ENABLE_OBJC_ARC = YES;
				CLANG_ENABLE_OBJC_WEAK = YES;
				CLANG_WARN_BLOCK_CAPTURE_AUTORELEASING = YES;
				CLANG_WARN_BOOL_CONVERSION = YES;
				CLANG_WARN_COMMA = YES;
				CLANG_WARN_CONSTANT_CONVERSION = YES;
				CLANG_WARN_DEPRECATED_OBJC_IMPLEMENTATIONS = YES;
				CLANG_WARN_DIRECT_OBJC_ISA_USAGE = YES_ERROR;
				CLANG_WARN_DOCUMENTATION_COMMENTS = YES;
				CLANG_WARN_EMPTY_BODY = YES;
				CLANG_WARN_ENUM_CONVERSION = YES;
				CLANG_WARN_INFINITE_RECURSION = YES;
				CLANG_WARN_INT_CONVERSION = YES;
				CLANG_WARN_NON_LITERAL_NULL_CONVERSION = YES;
				CLANG_WARN_OBJC_IMPLICIT_RETAIN_SELF = YES;
				CLANG_WARN_OBJC_LITERAL_CONVERSION = YES;
				CLANG_WARN_OBJC_ROOT_CLASS = YES_ERROR;
				CLANG_WARN_QUOTED_INCLUDE_IN_FRAMEWORK_HEADER = YES;
				CLANG_WARN_RANGE_LOOP_ANALYSIS = YES;
				CLANG_WARN_STRICT_PROTOTYPES = YES;
				CLANG_WARN_SUSPICIOUS_MOVE = YES;
				CLANG_WARN_UNGUARDED_AVAILABILITY = YES_AGGRESSIVE;
				CLANG_WARN_UNREACHABLE_CODE = YES;
				CLANG_WARN__DUPLICATE_METHOD_MATCH = YES;
				COPY_PHASE_STRIP = NO;
				DEBUG_INFORMATION_FORMAT = "dwarf-with-dsym";
				ENABLE_NS_ASSERTIONS = NO;
				ENABLE_STRICT_OBJC_MSGSEND = YES;
				GCC_C_LANGUAGE_STANDARD = gnu11;
				GCC_NO_COMMON_BLOCKS = YES;
				GCC_WARN_64_TO_32_BIT_CONVERSION = YES;
				GCC_WARN_ABOUT_RETURN_TYPE = YES_ERROR;
				GCC_WARN_UNDECLARED_SELECTOR = YES;
				GCC_WARN_UNINITIALIZED_AUTOS = YES_AGGRESSIVE;
				GCC_WARN_UNUSED_FUNCTION = YES;
				GCC_WARN_UNUSED_VARIABLE = YES;
				IPHONEOS_DEPLOYMENT_TARGET = 13.0;
				MTL_ENABLE_DEBUG_INFO = NO;
				MTL_FAST_MATH = YES;
				SDKROOT = iphoneos;
				SWIFT_COMPILATION_MODE = wholemodule;
				SWIFT_OPTIMIZATION_LEVEL = "-O";
				VALIDATE_PRODUCT = YES;
			};
			name = Release;
		};
		E01F104C27D47C5500EA62C0 /* Debug */ = {
			isa = XCBuildConfiguration;
			buildSettings = {
				ASSETCATALOG_COMPILER_APPICON_NAME = AppIcon;
				ASSETCATALOG_COMPILER_GLOBAL_ACCENT_COLOR_NAME = AccentColor;
				CODE_SIGN_STYLE = Manual;
				CURRENT_PROJECT_VERSION = 1;
				DEVELOPMENT_TEAM = "";
				GENERATE_INFOPLIST_FILE = YES;
				INFOPLIST_FILE = Cafe/Info.plist;
				INFOPLIST_KEY_UIApplicationSupportsIndirectInputEvents = YES;
				INFOPLIST_KEY_UILaunchStoryboardName = LaunchScreen;
				INFOPLIST_KEY_UIMainStoryboardFile = Main;
				INFOPLIST_KEY_UISupportedInterfaceOrientations_iPad = "UIInterfaceOrientationPortrait UIInterfaceOrientationPortraitUpsideDown UIInterfaceOrientationLandscapeLeft UIInterfaceOrientationLandscapeRight";
				INFOPLIST_KEY_UISupportedInterfaceOrientations_iPhone = "UIInterfaceOrientationPortrait UIInterfaceOrientationLandscapeLeft UIInterfaceOrientationLandscapeRight";
				LD_RUNPATH_SEARCH_PATHS = (
					"$(inherited)",
					"@executable_path/Frameworks",
				);
				MARKETING_VERSION = 1.0;
				PRODUCT_BUNDLE_IDENTIFIER = com.shingha.Cafe;
				PRODUCT_NAME = "$(TARGET_NAME)";
				PROVISIONING_PROFILE_SPECIFIER = "";
				SWIFT_EMIT_LOC_STRINGS = YES;
				SWIFT_VERSION = 5.0;
				TARGETED_DEVICE_FAMILY = "1,2";
			};
			name = Debug;
		};
		E01F104D27D47C5500EA62C0 /* Release */ = {
			isa = XCBuildConfiguration;
			buildSettings = {
				ASSETCATALOG_COMPILER_APPICON_NAME = AppIcon;
				ASSETCATALOG_COMPILER_GLOBAL_ACCENT_COLOR_NAME = AccentColor;
				CODE_SIGN_STYLE = Manual;
				CURRENT_PROJECT_VERSION = 1;
				DEVELOPMENT_TEAM = "";
				GENERATE_INFOPLIST_FILE = YES;
				INFOPLIST_FILE = Cafe/Info.plist;
				INFOPLIST_KEY_UIApplicationSupportsIndirectInputEvents = YES;
				INFOPLIST_KEY_UILaunchStoryboardName = LaunchScreen;
				INFOPLIST_KEY_UIMainStoryboardFile = Main;
				INFOPLIST_KEY_UISupportedInterfaceOrientations_iPad = "UIInterfaceOrientationPortrait UIInterfaceOrientationPortraitUpsideDown UIInterfaceOrientationLandscapeLeft UIInterfaceOrientationLandscapeRight";
				INFOPLIST_KEY_UISupportedInterfaceOrientations_iPhone = "UIInterfaceOrientationPortrait UIInterfaceOrientationLandscapeLeft UIInterfaceOrientationLandscapeRight";
				LD_RUNPATH_SEARCH_PATHS = (
					"$(inherited)",
					"@executable_path/Frameworks",
				);
				MARKETING_VERSION = 1.0;
				PRODUCT_BUNDLE_IDENTIFIER = com.shingha.Cafe;
				PRODUCT_NAME = "$(TARGET_NAME)";
				PROVISIONING_PROFILE_SPECIFIER = "";
				SWIFT_EMIT_LOC_STRINGS = YES;
				SWIFT_VERSION = 5.0;
				TARGETED_DEVICE_FAMILY = "1,2";
			};
			name = Release;
		};
		E0E4753327D4B031006336B6 /* Debug */ = {
			isa = XCBuildConfiguration;
			buildSettings = {
				BUNDLE_LOADER = "$(TEST_HOST)";
				CODE_SIGN_STYLE = Manual;
				CURRENT_PROJECT_VERSION = 1;
				DEVELOPMENT_TEAM = "";
				GENERATE_INFOPLIST_FILE = YES;
				MARKETING_VERSION = 1.0;
				PRODUCT_BUNDLE_IDENTIFIER = com.shingha.CafeTests;
				PRODUCT_NAME = "$(TARGET_NAME)";
				PROVISIONING_PROFILE_SPECIFIER = "";
				"PROVISIONING_PROFILE_SPECIFIER[sdk=macosx*]" = "";
				SWIFT_EMIT_LOC_STRINGS = NO;
				SWIFT_VERSION = 5.0;
				TARGETED_DEVICE_FAMILY = "1,2";
				TEST_HOST = "$(BUILT_PRODUCTS_DIR)/Cafe.app/Cafe";
			};
			name = Debug;
		};
		E0E4753427D4B031006336B6 /* Release */ = {
			isa = XCBuildConfiguration;
			buildSettings = {
				BUNDLE_LOADER = "$(TEST_HOST)";
				CODE_SIGN_STYLE = Manual;
				CURRENT_PROJECT_VERSION = 1;
				DEVELOPMENT_TEAM = "";
				GENERATE_INFOPLIST_FILE = YES;
				MARKETING_VERSION = 1.0;
				PRODUCT_BUNDLE_IDENTIFIER = com.shingha.CafeTests;
				PRODUCT_NAME = "$(TARGET_NAME)";
				PROVISIONING_PROFILE_SPECIFIER = "";
				"PROVISIONING_PROFILE_SPECIFIER[sdk=macosx*]" = "";
				SWIFT_EMIT_LOC_STRINGS = NO;
				SWIFT_VERSION = 5.0;
				TARGETED_DEVICE_FAMILY = "1,2";
				TEST_HOST = "$(BUILT_PRODUCTS_DIR)/Cafe.app/Cafe";
			};
			name = Release;
		};
/* End XCBuildConfiguration section */

/* Begin XCConfigurationList section */
		E01F103227D47C5400EA62C0 /* Build configuration list for PBXProject "Cafe" */ = {
			isa = XCConfigurationList;
			buildConfigurations = (
				E01F104927D47C5500EA62C0 /* Debug */,
				E01F104A27D47C5500EA62C0 /* Release */,
			);
			defaultConfigurationIsVisible = 0;
			defaultConfigurationName = Release;
		};
		E01F104B27D47C5500EA62C0 /* Build configuration list for PBXNativeTarget "Cafe" */ = {
			isa = XCConfigurationList;
			buildConfigurations = (
				E01F104C27D47C5500EA62C0 /* Debug */,
				E01F104D27D47C5500EA62C0 /* Release */,
			);
			defaultConfigurationIsVisible = 0;
			defaultConfigurationName = Release;
		};
		E0E4753227D4B031006336B6 /* Build configuration list for PBXNativeTarget "CafeTests" */ = {
			isa = XCConfigurationList;
			buildConfigurations = (
				E0E4753327D4B031006336B6 /* Debug */,
				E0E4753427D4B031006336B6 /* Release */,
			);
			defaultConfigurationIsVisible = 0;
			defaultConfigurationName = Release;
		};
/* End XCConfigurationList section */
	};
	rootObject = E01F102F27D47C5400EA62C0 /* Project object */;
}
